Microsoft Visual Studio Solution File, Format Version 12.00
# Visual Studio Version 17
VisualStudioVersion = 17.5.2.0
MinimumVisualStudioVersion = 10.0.40219.1
Project("{FAE04EC0-301F-11D3-BF4B-00C04F79EFBC}") = "Codescene.VSExtension.CodeSmells", "Codescene.VSExtension.CodeSmells.csproj", "{BD50892D-223D-3115-6AAC-EE1DEDC3D09C}"
EndProject
Global
	GlobalSection(SolutionConfigurationPlatforms) = preSolution
		Debug|Any CPU = Debug|Any CPU
		Release|Any CPU = Release|Any CPU
	EndGlobalSection
	GlobalSection(ProjectConfigurationPlatforms) = postSolution
		{BD50892D-223D-3115-6AAC-EE1DEDC3D09C}.Debug|Any CPU.ActiveCfg = Debug|Any CPU
		{BD50892D-223D-3115-6AAC-EE1DEDC3D09C}.Debug|Any CPU.Build.0 = Debug|Any CPU
		{BD50892D-223D-3115-6AAC-EE1DEDC3D09C}.Release|Any CPU.ActiveCfg = Release|Any CPU
		{BD50892D-223D-3115-6AAC-EE1DEDC3D09C}.Release|Any CPU.Build.0 = Release|Any CPU
	EndGlobalSection
	GlobalSection(SolutionProperties) = preSolution
		HideSolutionNode = FALSE
	EndGlobalSection
	GlobalSection(ExtensibilityGlobals) = postSolution
		SolutionGuid = {CAA06EC2-634E-41C3-855A-119F7AADE6C3}
	EndGlobalSection
EndGlobal
