
Microsoft Visual Studio Solution File, Format Version 12.00
# Visual Studio Version 17
VisualStudioVersion = 17.11.35312.102
MinimumVisualStudioVersion = 10.0.40219.1
Project("{FAE04EC0-301F-11D3-BF4B-00C04F79EFBC}") = "CodesceneReeinventTest", "CodesceneReeinventTest\CodesceneReeinventTest.csproj", "{4417AD28-F9DC-40CA-AD25-CD8D5B8877D0}"
EndProject
Project("{FAE04EC0-301F-11D3-BF4B-00C04F79EFBC}") = "CodeLensProvider", "CodeLensProvider\CodeLensProvider.csproj", "{F9F38CFC-6B77-4E6D-8511-9F201135AF97}"
EndProject
Project("{FAE04EC0-301F-11D3-BF4B-00C04F79EFBC}") = "CodeLensShared", "CodeLensShared\CodeLensShared.csproj", "{D59642E5-A52C-4FFC-8228-21E7F3554DFE}"
EndProject
Project("{FAE04EC0-301F-11D3-BF4B-00C04F79EFBC}") = "Core", "Core\Core.csproj", "{3217B4FD-5A1B-4DEB-B1D9-BCBDF5F22388}"
EndProject
Project("{FAE04EC0-301F-11D3-BF4B-00C04F79EFBC}") = "CredentialManagerPersistenceAuthProvider", "CredentialManagerPersistenceAuthProvider\CredentialManagerPersistenceAuthProvider.csproj", "{3E9F599C-61B2-4224-B730-E406FE8E641C}"
EndProject
Project("{FAE04EC0-301F-11D3-BF4B-00C04F79EFBC}") = "Codescene.VSExtension.DocumentationFetcher", "Codescene.VSExtension.DocumentationFetcher\Codescene.VSExtension.DocumentationFetcher.csproj", "{62B96C57-10ED-4B0A-9E6B-6261D010588B}"
EndProject
Global
	GlobalSection(SolutionConfigurationPlatforms) = preSolution
		Debug|Any CPU = Debug|Any CPU
		Debug|arm64 = Debug|arm64
		Debug|x86 = Debug|x86
		Release|Any CPU = Release|Any CPU
		Release|arm64 = Release|arm64
		Release|x86 = Release|x86
	EndGlobalSection
	GlobalSection(ProjectConfigurationPlatforms) = postSolution
		{4417AD28-F9DC-40CA-AD25-CD8D5B8877D0}.Debug|Any CPU.ActiveCfg = Debug|Any CPU
		{4417AD28-F9DC-40CA-AD25-CD8D5B8877D0}.Debug|Any CPU.Build.0 = Debug|Any CPU
		{4417AD28-F9DC-40CA-AD25-CD8D5B8877D0}.Debug|arm64.ActiveCfg = Debug|arm64
		{4417AD28-F9DC-40CA-AD25-CD8D5B8877D0}.Debug|arm64.Build.0 = Debug|arm64
		{4417AD28-F9DC-40CA-AD25-CD8D5B8877D0}.Debug|x86.ActiveCfg = Debug|x86
		{4417AD28-F9DC-40CA-AD25-CD8D5B8877D0}.Debug|x86.Build.0 = Debug|x86
		{4417AD28-F9DC-40CA-AD25-CD8D5B8877D0}.Release|Any CPU.ActiveCfg = Release|Any CPU
		{4417AD28-F9DC-40CA-AD25-CD8D5B8877D0}.Release|Any CPU.Build.0 = Release|Any CPU
		{4417AD28-F9DC-40CA-AD25-CD8D5B8877D0}.Release|arm64.ActiveCfg = Release|arm64
		{4417AD28-F9DC-40CA-AD25-CD8D5B8877D0}.Release|arm64.Build.0 = Release|arm64
		{4417AD28-F9DC-40CA-AD25-CD8D5B8877D0}.Release|x86.ActiveCfg = Release|x86
		{4417AD28-F9DC-40CA-AD25-CD8D5B8877D0}.Release|x86.Build.0 = Release|x86
		{F9F38CFC-6B77-4E6D-8511-9F201135AF97}.Debug|Any CPU.ActiveCfg = Debug|Any CPU
		{F9F38CFC-6B77-4E6D-8511-9F201135AF97}.Debug|Any CPU.Build.0 = Debug|Any CPU
		{F9F38CFC-6B77-4E6D-8511-9F201135AF97}.Debug|arm64.ActiveCfg = Debug|Any CPU
		{F9F38CFC-6B77-4E6D-8511-9F201135AF97}.Debug|arm64.Build.0 = Debug|Any CPU
		{F9F38CFC-6B77-4E6D-8511-9F201135AF97}.Debug|x86.ActiveCfg = Debug|Any CPU
		{F9F38CFC-6B77-4E6D-8511-9F201135AF97}.Debug|x86.Build.0 = Debug|Any CPU
		{F9F38CFC-6B77-4E6D-8511-9F201135AF97}.Release|Any CPU.ActiveCfg = Release|Any CPU
		{F9F38CFC-6B77-4E6D-8511-9F201135AF97}.Release|Any CPU.Build.0 = Release|Any CPU
		{F9F38CFC-6B77-4E6D-8511-9F201135AF97}.Release|arm64.ActiveCfg = Release|Any CPU
		{F9F38CFC-6B77-4E6D-8511-9F201135AF97}.Release|arm64.Build.0 = Release|Any CPU
		{F9F38CFC-6B77-4E6D-8511-9F201135AF97}.Release|x86.ActiveCfg = Release|Any CPU
		{F9F38CFC-6B77-4E6D-8511-9F201135AF97}.Release|x86.Build.0 = Release|Any CPU
		{D59642E5-A52C-4FFC-8228-21E7F3554DFE}.Debug|Any CPU.ActiveCfg = Debug|Any CPU
		{D59642E5-A52C-4FFC-8228-21E7F3554DFE}.Debug|Any CPU.Build.0 = Debug|Any CPU
		{D59642E5-A52C-4FFC-8228-21E7F3554DFE}.Debug|arm64.ActiveCfg = Debug|Any CPU
		{D59642E5-A52C-4FFC-8228-21E7F3554DFE}.Debug|arm64.Build.0 = Debug|Any CPU
		{D59642E5-A52C-4FFC-8228-21E7F3554DFE}.Debug|x86.ActiveCfg = Debug|Any CPU
		{D59642E5-A52C-4FFC-8228-21E7F3554DFE}.Debug|x86.Build.0 = Debug|Any CPU
		{D59642E5-A52C-4FFC-8228-21E7F3554DFE}.Release|Any CPU.ActiveCfg = Release|Any CPU
		{D59642E5-A52C-4FFC-8228-21E7F3554DFE}.Release|Any CPU.Build.0 = Release|Any CPU
		{D59642E5-A52C-4FFC-8228-21E7F3554DFE}.Release|arm64.ActiveCfg = Release|Any CPU
		{D59642E5-A52C-4FFC-8228-21E7F3554DFE}.Release|arm64.Build.0 = Release|Any CPU
		{D59642E5-A52C-4FFC-8228-21E7F3554DFE}.Release|x86.ActiveCfg = Release|Any CPU
		{D59642E5-A52C-4FFC-8228-21E7F3554DFE}.Release|x86.Build.0 = Release|Any CPU
		{3217B4FD-5A1B-4DEB-B1D9-BCBDF5F22388}.Debug|Any CPU.ActiveCfg = Debug|Any CPU
		{3217B4FD-5A1B-4DEB-B1D9-BCBDF5F22388}.Debug|Any CPU.Build.0 = Debug|Any CPU
		{3217B4FD-5A1B-4DEB-B1D9-BCBDF5F22388}.Debug|arm64.ActiveCfg = Debug|Any CPU
		{3217B4FD-5A1B-4DEB-B1D9-BCBDF5F22388}.Debug|arm64.Build.0 = Debug|Any CPU
		{3217B4FD-5A1B-4DEB-B1D9-BCBDF5F22388}.Debug|x86.ActiveCfg = Debug|Any CPU
		{3217B4FD-5A1B-4DEB-B1D9-BCBDF5F22388}.Debug|x86.Build.0 = Debug|Any CPU
		{3217B4FD-5A1B-4DEB-B1D9-BCBDF5F22388}.Release|Any CPU.ActiveCfg = Release|Any CPU
		{3217B4FD-5A1B-4DEB-B1D9-BCBDF5F22388}.Release|Any CPU.Build.0 = Release|Any CPU
		{3217B4FD-5A1B-4DEB-B1D9-BCBDF5F22388}.Release|arm64.ActiveCfg = Release|Any CPU
		{3217B4FD-5A1B-4DEB-B1D9-BCBDF5F22388}.Release|arm64.Build.0 = Release|Any CPU
		{3217B4FD-5A1B-4DEB-B1D9-BCBDF5F22388}.Release|x86.ActiveCfg = Release|Any CPU
		{3217B4FD-5A1B-4DEB-B1D9-BCBDF5F22388}.Release|x86.Build.0 = Release|Any CPU
		{3E9F599C-61B2-4224-B730-E406FE8E641C}.Debug|Any CPU.ActiveCfg = Debug|Any CPU
		{3E9F599C-61B2-4224-B730-E406FE8E641C}.Debug|Any CPU.Build.0 = Debug|Any CPU
		{3E9F599C-61B2-4224-B730-E406FE8E641C}.Debug|arm64.ActiveCfg = Debug|Any CPU
		{3E9F599C-61B2-4224-B730-E406FE8E641C}.Debug|arm64.Build.0 = Debug|Any CPU
		{3E9F599C-61B2-4224-B730-E406FE8E641C}.Debug|x86.ActiveCfg = Debug|Any CPU
		{3E9F599C-61B2-4224-B730-E406FE8E641C}.Debug|x86.Build.0 = Debug|Any CPU
		{3E9F599C-61B2-4224-B730-E406FE8E641C}.Release|Any CPU.ActiveCfg = Release|Any CPU
		{3E9F599C-61B2-4224-B730-E406FE8E641C}.Release|Any CPU.Build.0 = Release|Any CPU
		{3E9F599C-61B2-4224-B730-E406FE8E641C}.Release|arm64.ActiveCfg = Release|Any CPU
		{3E9F599C-61B2-4224-B730-E406FE8E641C}.Release|arm64.Build.0 = Release|Any CPU
		{3E9F599C-61B2-4224-B730-E406FE8E641C}.Release|x86.ActiveCfg = Release|Any CPU
		{3E9F599C-61B2-4224-B730-E406FE8E641C}.Release|x86.Build.0 = Release|Any CPU
		{62B96C57-10ED-4B0A-9E6B-6261D010588B}.Debug|Any CPU.ActiveCfg = Debug|Any CPU
		{62B96C57-10ED-4B0A-9E6B-6261D010588B}.Debug|Any CPU.Build.0 = Debug|Any CPU
		{62B96C57-10ED-4B0A-9E6B-6261D010588B}.Debug|arm64.ActiveCfg = Debug|Any CPU
		{62B96C57-10ED-4B0A-9E6B-6261D010588B}.Debug|arm64.Build.0 = Debug|Any CPU
		{62B96C57-10ED-4B0A-9E6B-6261D010588B}.Debug|x86.ActiveCfg = Debug|Any CPU
		{62B96C57-10ED-4B0A-9E6B-6261D010588B}.Debug|x86.Build.0 = Debug|Any CPU
		{62B96C57-10ED-4B0A-9E6B-6261D010588B}.Release|Any CPU.ActiveCfg = Release|Any CPU
		{62B96C57-10ED-4B0A-9E6B-6261D010588B}.Release|Any CPU.Build.0 = Release|Any CPU
		{62B96C57-10ED-4B0A-9E6B-6261D010588B}.Release|arm64.ActiveCfg = Release|Any CPU
		{62B96C57-10ED-4B0A-9E6B-6261D010588B}.Release|arm64.Build.0 = Release|Any CPU
		{62B96C57-10ED-4B0A-9E6B-6261D010588B}.Release|x86.ActiveCfg = Release|Any CPU
		{62B96C57-10ED-4B0A-9E6B-6261D010588B}.Release|x86.Build.0 = Release|Any CPU
	EndGlobalSection
	GlobalSection(SolutionProperties) = preSolution
		HideSolutionNode = FALSE
	EndGlobalSection
	GlobalSection(ExtensibilityGlobals) = postSolution
		SolutionGuid = {27EC421E-F3DD-4291-8368-AA1AD1FD923E}
	EndGlobalSection
EndGlobal
