
Microsoft Visual Studio Solution File, Format Version 12.00
# Visual Studio Version 18
VisualStudioVersion = 18.1.11312.151
MinimumVisualStudioVersion = 10.0.40219.1
Project("{FAE04EC0-301F-11D3-BF4B-00C04F79EFBC}") = "Codescene.VSExtension.VS2022", "Codescene.VSExtension.VS2022\Codescene.VSExtension.VS2022.csproj", "{4417AD28-F9DC-40CA-AD25-CD8D5B8877D0}"
EndProject
Project("{FAE04EC0-301F-11D3-BF4B-00C04F79EFBC}") = "Codescene.VSExtension.Core", "Codescene.VSExtension.Core\Codescene.VSExtension.Core.csproj", "{3217B4FD-5A1B-4DEB-B1D9-BCBDF5F22388}"
EndProject
Project("{FAE04EC0-301F-11D3-BF4B-00C04F79EFBC}") = "Codescene.VSExtension.Core.IntegrationTests", "Codescene.VSExtension.Core.IntegrationTests\Codescene.VSExtension.Core.IntegrationTests.csproj", "{7FAB5EB5-032B-4F74-AA9E-BBA9666857EC}"
EndProject
Project("{FAE04EC0-301F-11D3-BF4B-00C04F79EFBC}") = "Codescene.VSExtension.Core.Tests", "Codescene.VSExtension.Core.Tests\Codescene.VSExtension.Core.Tests.csproj", "{93D7E50D-85BC-4D1E-B1DA-917B4ED28BCB}"
EndProject
Project("{2150E333-8FDC-42A3-9474-1A3956D46DE8}") = "Solution Items", "Solution Items", "{FD328A1C-7A43-4B00-9899-7C519D398BC3}"
	ProjectSection(SolutionItems) = preProject
		.editorconfig = .editorconfig
		Directory.build.props = Directory.build.props
		Directory.Build.targets = Directory.Build.targets
	EndProjectSection
EndProject
Global
	GlobalSection(SolutionConfigurationPlatforms) = preSolution
		Debug|Any CPU = Debug|Any CPU
		Debug|arm64 = Debug|arm64
		Debug|x86 = Debug|x86
		Release|Any CPU = Release|Any CPU
		Release|arm64 = Release|arm64
		Release|x86 = Release|x86
	EndGlobalSection
	GlobalSection(ProjectConfigurationPlatforms) = postSolution
		{4417AD28-F9DC-40CA-AD25-CD8D5B8877D0}.Debug|Any CPU.ActiveCfg = Debug|Any CPU
		{4417AD28-F9DC-40CA-AD25-CD8D5B8877D0}.Debug|Any CPU.Build.0 = Debug|Any CPU
		{4417AD28-F9DC-40CA-AD25-CD8D5B8877D0}.Debug|arm64.ActiveCfg = Debug|arm64
		{4417AD28-F9DC-40CA-AD25-CD8D5B8877D0}.Debug|arm64.Build.0 = Debug|arm64
		{4417AD28-F9DC-40CA-AD25-CD8D5B8877D0}.Debug|x86.ActiveCfg = Debug|x86
		{4417AD28-F9DC-40CA-AD25-CD8D5B8877D0}.Debug|x86.Build.0 = Debug|x86
		{4417AD28-F9DC-40CA-AD25-CD8D5B8877D0}.Release|Any CPU.ActiveCfg = Release|Any CPU
		{4417AD28-F9DC-40CA-AD25-CD8D5B8877D0}.Release|Any CPU.Build.0 = Release|Any CPU
		{4417AD28-F9DC-40CA-AD25-CD8D5B8877D0}.Release|arm64.ActiveCfg = Release|arm64
		{4417AD28-F9DC-40CA-AD25-CD8D5B8877D0}.Release|arm64.Build.0 = Release|arm64
		{4417AD28-F9DC-40CA-AD25-CD8D5B8877D0}.Release|x86.ActiveCfg = Release|x86
		{4417AD28-F9DC-40CA-AD25-CD8D5B8877D0}.Release|x86.Build.0 = Release|x86
		{3217B4FD-5A1B-4DEB-B1D9-BCBDF5F22388}.Debug|Any CPU.ActiveCfg = Debug|Any CPU
		{3217B4FD-5A1B-4DEB-B1D9-BCBDF5F22388}.Debug|Any CPU.Build.0 = Debug|Any CPU
		{3217B4FD-5A1B-4DEB-B1D9-BCBDF5F22388}.Debug|arm64.ActiveCfg = Debug|Any CPU
		{3217B4FD-5A1B-4DEB-B1D9-BCBDF5F22388}.Debug|arm64.Build.0 = Debug|Any CPU
		{3217B4FD-5A1B-4DEB-B1D9-BCBDF5F22388}.Debug|x86.ActiveCfg = Debug|Any CPU
		{3217B4FD-5A1B-4DEB-B1D9-BCBDF5F22388}.Debug|x86.Build.0 = Debug|Any CPU
		{3217B4FD-5A1B-4DEB-B1D9-BCBDF5F22388}.Release|Any CPU.ActiveCfg = Release|Any CPU
		{3217B4FD-5A1B-4DEB-B1D9-BCBDF5F22388}.Release|Any CPU.Build.0 = Release|Any CPU
		{3217B4FD-5A1B-4DEB-B1D9-BCBDF5F22388}.Release|arm64.ActiveCfg = Release|Any CPU
		{3217B4FD-5A1B-4DEB-B1D9-BCBDF5F22388}.Release|arm64.Build.0 = Release|Any CPU
		{3217B4FD-5A1B-4DEB-B1D9-BCBDF5F22388}.Release|x86.ActiveCfg = Release|Any CPU
		{3217B4FD-5A1B-4DEB-B1D9-BCBDF5F22388}.Release|x86.Build.0 = Release|Any CPU
		{7FAB5EB5-032B-4F74-AA9E-BBA9666857EC}.Debug|Any CPU.ActiveCfg = Debug|Any CPU
		{7FAB5EB5-032B-4F74-AA9E-BBA9666857EC}.Debug|Any CPU.Build.0 = Debug|Any CPU
		{7FAB5EB5-032B-4F74-AA9E-BBA9666857EC}.Debug|arm64.ActiveCfg = Debug|Any CPU
		{7FAB5EB5-032B-4F74-AA9E-BBA9666857EC}.Debug|arm64.Build.0 = Debug|Any CPU
		{7FAB5EB5-032B-4F74-AA9E-BBA9666857EC}.Debug|x86.ActiveCfg = Debug|Any CPU
		{7FAB5EB5-032B-4F74-AA9E-BBA9666857EC}.Debug|x86.Build.0 = Debug|Any CPU
		{7FAB5EB5-032B-4F74-AA9E-BBA9666857EC}.Release|Any CPU.ActiveCfg = Release|Any CPU
		{7FAB5EB5-032B-4F74-AA9E-BBA9666857EC}.Release|Any CPU.Build.0 = Release|Any CPU
		{7FAB5EB5-032B-4F74-AA9E-BBA9666857EC}.Release|arm64.ActiveCfg = Release|Any CPU
		{7FAB5EB5-032B-4F74-AA9E-BBA9666857EC}.Release|arm64.Build.0 = Release|Any CPU
		{7FAB5EB5-032B-4F74-AA9E-BBA9666857EC}.Release|x86.ActiveCfg = Release|Any CPU
		{7FAB5EB5-032B-4F74-AA9E-BBA9666857EC}.Release|x86.Build.0 = Release|Any CPU
		{93D7E50D-85BC-4D1E-B1DA-917B4ED28BCB}.Debug|Any CPU.ActiveCfg = Debug|Any CPU
		{93D7E50D-85BC-4D1E-B1DA-917B4ED28BCB}.Debug|Any CPU.Build.0 = Debug|Any CPU
		{93D7E50D-85BC-4D1E-B1DA-917B4ED28BCB}.Debug|arm64.ActiveCfg = Debug|Any CPU
		{93D7E50D-85BC-4D1E-B1DA-917B4ED28BCB}.Debug|arm64.Build.0 = Debug|Any CPU
		{93D7E50D-85BC-4D1E-B1DA-917B4ED28BCB}.Debug|x86.ActiveCfg = Debug|Any CPU
		{93D7E50D-85BC-4D1E-B1DA-917B4ED28BCB}.Debug|x86.Build.0 = Debug|Any CPU
		{93D7E50D-85BC-4D1E-B1DA-917B4ED28BCB}.Release|Any CPU.ActiveCfg = Release|Any CPU
		{93D7E50D-85BC-4D1E-B1DA-917B4ED28BCB}.Release|Any CPU.Build.0 = Release|Any CPU
		{93D7E50D-85BC-4D1E-B1DA-917B4ED28BCB}.Release|arm64.ActiveCfg = Release|Any CPU
		{93D7E50D-85BC-4D1E-B1DA-917B4ED28BCB}.Release|arm64.Build.0 = Release|Any CPU
		{93D7E50D-85BC-4D1E-B1DA-917B4ED28BCB}.Release|x86.ActiveCfg = Release|Any CPU
		{93D7E50D-85BC-4D1E-B1DA-917B4ED28BCB}.Release|x86.Build.0 = Release|Any CPU
	EndGlobalSection
	GlobalSection(SolutionProperties) = preSolution
		HideSolutionNode = FALSE
	EndGlobalSection
	GlobalSection(ExtensibilityGlobals) = postSolution
		SolutionGuid = {27EC421E-F3DD-4291-8368-AA1AD1FD923E}
	EndGlobalSection
EndGlobal
