
Microsoft Visual Studio Solution File, Format Version 12.00
# Visual Studio Version 17
VisualStudioVersion = 17.11.35312.102
MinimumVisualStudioVersion = 10.0.40219.1
Project("{FAE04EC0-301F-11D3-BF4B-00C04F79EFBC}") = "Codescene.VSExtension.VS2022", "Codescene.VSExtension.VS2022\Codescene.VSExtension.VS2022.csproj", "{4417AD28-F9DC-40CA-AD25-CD8D5B8877D0}"
EndProject
Project("{FAE04EC0-301F-11D3-BF4B-00C04F79EFBC}") = "Codescene.VSExtension.Core", "Codescene.VSExtension.Core\Codescene.VSExtension.Core.csproj", "{3217B4FD-5A1B-4DEB-B1D9-BCBDF5F22388}"
EndProject
Project("{FAE04EC0-301F-11D3-BF4B-00C04F79EFBC}") = "Codescene.VSExtension.CredentialManagerPersistenceAuthProvider", "Codescene.VSExtension.CredentialManagerPersistenceAuthProvider\Codescene.VSExtension.CredentialManagerPersistenceAuthProvider.csproj", "{3E9F599C-61B2-4224-B730-E406FE8E641C}"
EndProject
Project("{2150E333-8FDC-42A3-9474-1A3956D46DE8}") = "Code", "Code", "{02EA681E-C7D8-13C7-8484-4AC65E1B71E8}"
EndProject
Project("{2150E333-8FDC-42A3-9474-1A3956D46DE8}") = "Core", "Core", "{0BEFB960-515A-498F-AE79-7F7FB22FBA44}"
EndProject
Project("{FAE04EC0-301F-11D3-BF4B-00C04F79EFBC}") = "Codescene.VSExtension.CoreTests", "Codescene.VSExtension.CoreTests\Codescene.VSExtension.CoreTests.csproj", "{B8CB000F-B39E-40E9-9E9C-6C1C335A1434}"
EndProject
Project("{2150E333-8FDC-42A3-9474-1A3956D46DE8}") = "Auth", "Auth", "{948BA09A-025A-4FAD-BDB4-EA4D24B1A02C}"
EndProject
Global
	GlobalSection(SolutionConfigurationPlatforms) = preSolution
		Debug|Any CPU = Debug|Any CPU
		Debug|arm64 = Debug|arm64
		Debug|x86 = Debug|x86
		Release|Any CPU = Release|Any CPU
		Release|arm64 = Release|arm64
		Release|x86 = Release|x86
	EndGlobalSection
	GlobalSection(ProjectConfigurationPlatforms) = postSolution
		{4417AD28-F9DC-40CA-AD25-CD8D5B8877D0}.Debug|Any CPU.ActiveCfg = Debug|Any CPU
		{4417AD28-F9DC-40CA-AD25-CD8D5B8877D0}.Debug|Any CPU.Build.0 = Debug|Any CPU
		{4417AD28-F9DC-40CA-AD25-CD8D5B8877D0}.Debug|arm64.ActiveCfg = Debug|arm64
		{4417AD28-F9DC-40CA-AD25-CD8D5B8877D0}.Debug|arm64.Build.0 = Debug|arm64
		{4417AD28-F9DC-40CA-AD25-CD8D5B8877D0}.Debug|x86.ActiveCfg = Debug|x86
		{4417AD28-F9DC-40CA-AD25-CD8D5B8877D0}.Debug|x86.Build.0 = Debug|x86
		{4417AD28-F9DC-40CA-AD25-CD8D5B8877D0}.Release|Any CPU.ActiveCfg = Release|Any CPU
		{4417AD28-F9DC-40CA-AD25-CD8D5B8877D0}.Release|Any CPU.Build.0 = Release|Any CPU
		{4417AD28-F9DC-40CA-AD25-CD8D5B8877D0}.Release|arm64.ActiveCfg = Release|arm64
		{4417AD28-F9DC-40CA-AD25-CD8D5B8877D0}.Release|arm64.Build.0 = Release|arm64
		{4417AD28-F9DC-40CA-AD25-CD8D5B8877D0}.Release|x86.ActiveCfg = Release|x86
		{4417AD28-F9DC-40CA-AD25-CD8D5B8877D0}.Release|x86.Build.0 = Release|x86
		{3217B4FD-5A1B-4DEB-B1D9-BCBDF5F22388}.Debug|Any CPU.ActiveCfg = Debug|Any CPU
		{3217B4FD-5A1B-4DEB-B1D9-BCBDF5F22388}.Debug|Any CPU.Build.0 = Debug|Any CPU
		{3217B4FD-5A1B-4DEB-B1D9-BCBDF5F22388}.Debug|arm64.ActiveCfg = Debug|Any CPU
		{3217B4FD-5A1B-4DEB-B1D9-BCBDF5F22388}.Debug|arm64.Build.0 = Debug|Any CPU
		{3217B4FD-5A1B-4DEB-B1D9-BCBDF5F22388}.Debug|x86.ActiveCfg = Debug|Any CPU
		{3217B4FD-5A1B-4DEB-B1D9-BCBDF5F22388}.Debug|x86.Build.0 = Debug|Any CPU
		{3217B4FD-5A1B-4DEB-B1D9-BCBDF5F22388}.Release|Any CPU.ActiveCfg = Release|Any CPU
		{3217B4FD-5A1B-4DEB-B1D9-BCBDF5F22388}.Release|Any CPU.Build.0 = Release|Any CPU
		{3217B4FD-5A1B-4DEB-B1D9-BCBDF5F22388}.Release|arm64.ActiveCfg = Release|Any CPU
		{3217B4FD-5A1B-4DEB-B1D9-BCBDF5F22388}.Release|arm64.Build.0 = Release|Any CPU
		{3217B4FD-5A1B-4DEB-B1D9-BCBDF5F22388}.Release|x86.ActiveCfg = Release|Any CPU
		{3217B4FD-5A1B-4DEB-B1D9-BCBDF5F22388}.Release|x86.Build.0 = Release|Any CPU
		{3E9F599C-61B2-4224-B730-E406FE8E641C}.Debug|Any CPU.ActiveCfg = Debug|Any CPU
		{3E9F599C-61B2-4224-B730-E406FE8E641C}.Debug|Any CPU.Build.0 = Debug|Any CPU
		{3E9F599C-61B2-4224-B730-E406FE8E641C}.Debug|arm64.ActiveCfg = Debug|Any CPU
		{3E9F599C-61B2-4224-B730-E406FE8E641C}.Debug|arm64.Build.0 = Debug|Any CPU
		{3E9F599C-61B2-4224-B730-E406FE8E641C}.Debug|x86.ActiveCfg = Debug|Any CPU
		{3E9F599C-61B2-4224-B730-E406FE8E641C}.Debug|x86.Build.0 = Debug|Any CPU
		{3E9F599C-61B2-4224-B730-E406FE8E641C}.Release|Any CPU.ActiveCfg = Release|Any CPU
		{3E9F599C-61B2-4224-B730-E406FE8E641C}.Release|Any CPU.Build.0 = Release|Any CPU
		{3E9F599C-61B2-4224-B730-E406FE8E641C}.Release|arm64.ActiveCfg = Release|Any CPU
		{3E9F599C-61B2-4224-B730-E406FE8E641C}.Release|arm64.Build.0 = Release|Any CPU
		{3E9F599C-61B2-4224-B730-E406FE8E641C}.Release|x86.ActiveCfg = Release|Any CPU
		{3E9F599C-61B2-4224-B730-E406FE8E641C}.Release|x86.Build.0 = Release|Any CPU
		{B8CB000F-B39E-40E9-9E9C-6C1C335A1434}.Debug|Any CPU.ActiveCfg = Debug|Any CPU
		{B8CB000F-B39E-40E9-9E9C-6C1C335A1434}.Debug|Any CPU.Build.0 = Debug|Any CPU
		{B8CB000F-B39E-40E9-9E9C-6C1C335A1434}.Debug|arm64.ActiveCfg = Debug|Any CPU
		{B8CB000F-B39E-40E9-9E9C-6C1C335A1434}.Debug|arm64.Build.0 = Debug|Any CPU
		{B8CB000F-B39E-40E9-9E9C-6C1C335A1434}.Debug|x86.ActiveCfg = Debug|Any CPU
		{B8CB000F-B39E-40E9-9E9C-6C1C335A1434}.Debug|x86.Build.0 = Debug|Any CPU
		{B8CB000F-B39E-40E9-9E9C-6C1C335A1434}.Release|Any CPU.ActiveCfg = Release|Any CPU
		{B8CB000F-B39E-40E9-9E9C-6C1C335A1434}.Release|Any CPU.Build.0 = Release|Any CPU
		{B8CB000F-B39E-40E9-9E9C-6C1C335A1434}.Release|arm64.ActiveCfg = Release|Any CPU
		{B8CB000F-B39E-40E9-9E9C-6C1C335A1434}.Release|arm64.Build.0 = Release|Any CPU
		{B8CB000F-B39E-40E9-9E9C-6C1C335A1434}.Release|x86.ActiveCfg = Release|Any CPU
		{B8CB000F-B39E-40E9-9E9C-6C1C335A1434}.Release|x86.Build.0 = Release|Any CPU
	EndGlobalSection
	GlobalSection(SolutionProperties) = preSolution
		HideSolutionNode = FALSE
	EndGlobalSection
	GlobalSection(NestedProjects) = preSolution
		{4417AD28-F9DC-40CA-AD25-CD8D5B8877D0} = {02EA681E-C7D8-13C7-8484-4AC65E1B71E8}
		{3217B4FD-5A1B-4DEB-B1D9-BCBDF5F22388} = {0BEFB960-515A-498F-AE79-7F7FB22FBA44}
		{3E9F599C-61B2-4224-B730-E406FE8E641C} = {948BA09A-025A-4FAD-BDB4-EA4D24B1A02C}
		{0BEFB960-515A-498F-AE79-7F7FB22FBA44} = {02EA681E-C7D8-13C7-8484-4AC65E1B71E8}
		{B8CB000F-B39E-40E9-9E9C-6C1C335A1434} = {0BEFB960-515A-498F-AE79-7F7FB22FBA44}
		{948BA09A-025A-4FAD-BDB4-EA4D24B1A02C} = {02EA681E-C7D8-13C7-8484-4AC65E1B71E8}
	EndGlobalSection
	GlobalSection(ExtensibilityGlobals) = postSolution
		SolutionGuid = {27EC421E-F3DD-4291-8368-AA1AD1FD923E}
	EndGlobalSection
EndGlobal
